<?xml version="1.0" encoding="utf-8"?>
<Project ToolsVersion="4.0" xmlns="http://schemas.microsoft.com/developer/msbuild/2003">
  <ItemGroup>
    <Filter Include="external">
      <UniqueIdentifier>{2839F3DC-1406-4EE8-3D1F-3C90294B8376}</UniqueIdentifier>
    </Filter>
    <Filter Include="external\imgui">
      <UniqueIdentifier>{92841FBB-7E52-13C1-67E6-83E75353EF25}</UniqueIdentifier>
    </Filter>
    <Filter Include="external\imgui\backends">
      <UniqueIdentifier>{FC42705C-687A-B8F3-7184-1C17DD3ADFEC}</UniqueIdentifier>
    </Filter>
    <Filter Include="src">
      <UniqueIdentifier>{2DAB880B-99B4-887C-2230-9F7C8E38947C}</UniqueIdentifier>
    </Filter>
    <Filter Include="src\Widgets">
      <UniqueIdentifier>{93B73D32-FF6C-B627-8861-B0FEF415AD2B}</UniqueIdentifier>
    </Filter>
    <Filter Include="src\Windows">
      <UniqueIdentifier>{6732F132-D3E7-6928-5CDC-63FFC890602C}</UniqueIdentifier>
    </Filter>
  </ItemGroup>
  <ItemGroup>
    <ClInclude Include="src\ColorPalettes.h">
      <Filter>src</Filter>
    </ClInclude>
    <ClInclude Include="src\Style.h">
      <Filter>src</Filter>
    </ClInclude>
    <ClInclude Include="src\Widgets\BasicWidget.h">
      <Filter>src\Widgets</Filter>
    </ClInclude>
    <ClInclude Include="src\Widgets\CalendarWidget.h">
      <Filter>src\Widgets</Filter>
    </ClInclude>
    <ClInclude Include="src\Windows\CalendarView.h">
      <Filter>src\Windows</Filter>
    </ClInclude>
    <ClInclude Include="src\Windows\TestWindow.h">
      <Filter>src\Windows</Filter>
    </ClInclude>
    <ClInclude Include="src\FontManager.h">
      <Filter>src</Filter>
    </ClInclude>
  </ItemGroup>
  <ItemGroup>
    <ClCompile Include="external\imgui\backends\imgui_impl_glfw.cpp">
      <Filter>external\imgui\backends</Filter>
    </ClCompile>
    <ClCompile Include="external\imgui\backends\imgui_impl_opengl3.cpp">
      <Filter>external\imgui\backends</Filter>
    </ClCompile>
    <ClCompile Include="external\imgui\imgui.cpp">
      <Filter>external\imgui</Filter>
    </ClCompile>
    <ClCompile Include="external\imgui\imgui_demo.cpp">
      <Filter>external\imgui</Filter>
    </ClCompile>
    <ClCompile Include="external\imgui\imgui_draw.cpp">
      <Filter>external\imgui</Filter>
    </ClCompile>
    <ClCompile Include="external\imgui\imgui_tables.cpp">
      <Filter>external\imgui</Filter>
    </ClCompile>
    <ClCompile Include="external\imgui\imgui_widgets.cpp">
      <Filter>external\imgui</Filter>
    </ClCompile>
    <ClCompile Include="src\ColorPalettes.cpp">
      <Filter>src</Filter>
    </ClCompile>
    <ClCompile Include="src\Style.cpp">
      <Filter>src</Filter>
    </ClCompile>
    <ClCompile Include="src\Widgets\BasicWidget.cpp">
      <Filter>src\Widgets</Filter>
    </ClCompile>
    <ClCompile Include="src\Widgets\CalendarWidget.cpp">
      <Filter>src\Widgets</Filter>
    </ClCompile>
    <ClCompile Include="src\Windows\CalendarView.cpp">
      <Filter>src\Windows</Filter>
    </ClCompile>
    <ClCompile Include="src\Windows\TestWindow.cpp">
      <Filter>src\Windows</Filter>
    </ClCompile>
    <ClCompile Include="src\glad.c">
      <Filter>src</Filter>
    </ClCompile>
    <ClCompile Include="src\main.cpp">
      <Filter>src</Filter>
    </ClCompile>
    <ClCompile Include="src\FontManager.cpp">
      <Filter>src</Filter>
    </ClCompile>
  </ItemGroup>
</Project>